// !$*UTF8*$!
{
	archiveVersion = 1;
	classes = {
	};
	objectVersion = 77;
	objects = {

/* Begin PBXContainerItemProxy section */
		EA11F9E62EDB7C1800A2FE47 /* PBXContainerItemProxy */ = {
			isa = PBXContainerItemProxy;
			containerPortal = EA11F9D02EDB7C1600A2FE47 /* Project object */;
			proxyType = 1;
			remoteGlobalIDString = EA11F9D72EDB7C1600A2FE47;
			remoteInfo = WikiPlaces;
		};
		EA11F9F02EDB7C1800A2FE47 /* PBXContainerItemProxy */ = {
			isa = PBXContainerItemProxy;
			containerPortal = EA11F9D02EDB7C1600A2FE47 /* Project object */;
			proxyType = 1;
			remoteGlobalIDString = EA11F9D72EDB7C1600A2FE47;
			remoteInfo = WikiPlaces;
		};
/* End PBXContainerItemProxy section */

/* Begin PBXFileReference section */
		EA1125E32EE0D33000A2FE47 /* WikiPlaces.xctestplan */ = {isa = PBXFileReference; lastKnownFileType = text; path = WikiPlaces.xctestplan; sourceTree = "<group>"; };
		EA11F9D82EDB7C1600A2FE47 /* WikiPlaces.app */ = {isa = PBXFileReference; explicitFileType = wrapper.application; includeInIndex = 0; path = WikiPlaces.app; sourceTree = BUILT_PRODUCTS_DIR; };
		EA11F9E52EDB7C1800A2FE47 /* WikiPlacesTests.xctest */ = {isa = PBXFileReference; explicitFileType = wrapper.cfbundle; includeInIndex = 0; path = WikiPlacesTests.xctest; sourceTree = BUILT_PRODUCTS_DIR; };
		EA11F9EF2EDB7C1800A2FE47 /* WikiPlacesUITests.xctest */ = {isa = PBXFileReference; explicitFileType = wrapper.cfbundle; includeInIndex = 0; path = WikiPlacesUITests.xctest; sourceTree = BUILT_PRODUCTS_DIR; };
/* End PBXFileReference section */

/* Begin PBXFileSystemSynchronizedBuildFileExceptionSet section */
		EA11254E2EDCA22100A2FE47 /* Exceptions for "WikiPlaces" folder in "WikiPlaces" target */ = {
			isa = PBXFileSystemSynchronizedBuildFileExceptionSet;
			membershipExceptions = (
				Info.plist,
			);
			target = EA11F9D72EDB7C1600A2FE47 /* WikiPlaces */;
		};
/* End PBXFileSystemSynchronizedBuildFileExceptionSet section */

/* Begin PBXFileSystemSynchronizedRootGroup section */
		EA11F9DA2EDB7C1600A2FE47 /* WikiPlaces */ = {
			isa = PBXFileSystemSynchronizedRootGroup;
			exceptions = (
				EA11254E2EDCA22100A2FE47 /* Exceptions for "WikiPlaces" folder in "WikiPlaces" target */,
			);
			path = WikiPlaces;
			sourceTree = "<group>";
		};
		EA11F9E82EDB7C1800A2FE47 /* WikiPlacesTests */ = {
			isa = PBXFileSystemSynchronizedRootGroup;
			path = WikiPlacesTests;
			sourceTree = "<group>";
		};
		EA11F9F22EDB7C1800A2FE47 /* WikiPlacesUITests */ = {
			isa = PBXFileSystemSynchronizedRootGroup;
			path = WikiPlacesUITests;
			sourceTree = "<group>";
		};
/* End PBXFileSystemSynchronizedRootGroup section */

/* Begin PBXFrameworksBuildPhase section */
		EA11F9D52EDB7C1600A2FE47 /* Frameworks */ = {
			isa = PBXFrameworksBuildPhase;
			buildActionMask = 2147483647;
			files = (
			);
			runOnlyForDeploymentPostprocessing = 0;
		};
		EA11F9E22EDB7C1800A2FE47 /* Frameworks */ = {
			isa = PBXFrameworksBuildPhase;
			buildActionMask = 2147483647;
			files = (
			);
			runOnlyForDeploymentPostprocessing = 0;
		};
		EA11F9EC2EDB7C1800A2FE47 /* Frameworks */ = {
			isa = PBXFrameworksBuildPhase;
			buildActionMask = 2147483647;
			files = (
			);
			runOnlyForDeploymentPostprocessing = 0;
		};
/* End PBXFrameworksBuildPhase section */

/* Begin PBXGroup section */
		EA11F9CF2EDB7C1600A2FE47 = {
			isa = PBXGroup;
			children = (
				EA1125E32EE0D33000A2FE47 /* WikiPlaces.xctestplan */,
				EA11F9DA2EDB7C1600A2FE47 /* WikiPlaces */,
				EA11F9E82EDB7C1800A2FE47 /* WikiPlacesTests */,
				EA11F9F22EDB7C1800A2FE47 /* WikiPlacesUITests */,
				EA11F9D92EDB7C1600A2FE47 /* Products */,
			);
			sourceTree = "<group>";
		};
		EA11F9D92EDB7C1600A2FE47 /* Products */ = {
			isa = PBXGroup;
			children = (
				EA11F9D82EDB7C1600A2FE47 /* WikiPlaces.app */,
				EA11F9E52EDB7C1800A2FE47 /* WikiPlacesTests.xctest */,
				EA11F9EF2EDB7C1800A2FE47 /* WikiPlacesUITests.xctest */,
			);
			name = Products;
			sourceTree = "<group>";
		};
/* End PBXGroup section */

/* Begin PBXNativeTarget section */
		EA11F9D72EDB7C1600A2FE47 /* WikiPlaces */ = {
			isa = PBXNativeTarget;
			buildConfigurationList = EA11F9F92EDB7C1800A2FE47 /* Build configuration list for PBXNativeTarget "WikiPlaces" */;
			buildPhases = (
				EA11F9D42EDB7C1600A2FE47 /* Sources */,
				EA11F9D52EDB7C1600A2FE47 /* Frameworks */,
				EA11F9D62EDB7C1600A2FE47 /* Resources */,
			);
			buildRules = (
			);
			dependencies = (
			);
			fileSystemSynchronizedGroups = (
				EA11F9DA2EDB7C1600A2FE47 /* WikiPlaces */,
			);
			name = WikiPlaces;
			packageProductDependencies = (
			);
			productName = WikiPlaces;
			productReference = EA11F9D82EDB7C1600A2FE47 /* WikiPlaces.app */;
			productType = "com.apple.product-type.application";
		};
		EA11F9E42EDB7C1800A2FE47 /* WikiPlacesTests */ = {
			isa = PBXNativeTarget;
			buildConfigurationList = EA11F9FC2EDB7C1800A2FE47 /* Build configuration list for PBXNativeTarget "WikiPlacesTests" */;
			buildPhases = (
				EA11F9E12EDB7C1800A2FE47 /* Sources */,
				EA11F9E22EDB7C1800A2FE47 /* Frameworks */,
				EA11F9E32EDB7C1800A2FE47 /* Resources */,
			);
			buildRules = (
			);
			dependencies = (
				EA11F9E72EDB7C1800A2FE47 /* PBXTargetDependency */,
			);
			fileSystemSynchronizedGroups = (
				EA11F9E82EDB7C1800A2FE47 /* WikiPlacesTests */,
			);
			name = WikiPlacesTests;
			packageProductDependencies = (
			);
			productName = WikiPlacesTests;
			productReference = EA11F9E52EDB7C1800A2FE47 /* WikiPlacesTests.xctest */;
			productType = "com.apple.product-type.bundle.unit-test";
		};
		EA11F9EE2EDB7C1800A2FE47 /* WikiPlacesUITests */ = {
			isa = PBXNativeTarget;
			buildConfigurationList = EA11F9FF2EDB7C1800A2FE47 /* Build configuration list for PBXNativeTarget "WikiPlacesUITests" */;
			buildPhases = (
				EA11F9EB2EDB7C1800A2FE47 /* Sources */,
				EA11F9EC2EDB7C1800A2FE47 /* Frameworks */,
				EA11F9ED2EDB7C1800A2FE47 /* Resources */,
			);
			buildRules = (
			);
			dependencies = (
				EA11F9F12EDB7C1800A2FE47 /* PBXTargetDependency */,
			);
			fileSystemSynchronizedGroups = (
				EA11F9F22EDB7C1800A2FE47 /* WikiPlacesUITests */,
			);
			name = WikiPlacesUITests;
			packageProductDependencies = (
			);
			productName = WikiPlacesUITests;
			productReference = EA11F9EF2EDB7C1800A2FE47 /* WikiPlacesUITests.xctest */;
			productType = "com.apple.product-type.bundle.ui-testing";
		};
/* End PBXNativeTarget section */

/* Begin PBXProject section */
		EA11F9D02EDB7C1600A2FE47 /* Project object */ = {
			isa = PBXProject;
			attributes = {
				BuildIndependentTargetsInParallel = 1;
				LastSwiftUpdateCheck = 2610;
				LastUpgradeCheck = 2610;
				TargetAttributes = {
					EA11F9D72EDB7C1600A2FE47 = {
						CreatedOnToolsVersion = 26.1.1;
					};
					EA11F9E42EDB7C1800A2FE47 = {
						CreatedOnToolsVersion = 26.1.1;
						TestTargetID = EA11F9D72EDB7C1600A2FE47;
					};
					EA11F9EE2EDB7C1800A2FE47 = {
						CreatedOnToolsVersion = 26.1.1;
						TestTargetID = EA11F9D72EDB7C1600A2FE47;
					};
				};
			};
			buildConfigurationList = EA11F9D32EDB7C1600A2FE47 /* Build configuration list for PBXProject "WikiPlaces" */;
			developmentRegion = en;
			hasScannedForEncodings = 0;
			knownRegions = (
				en,
				Base,
			);
			mainGroup = EA11F9CF2EDB7C1600A2FE47;
			minimizedProjectReferenceProxies = 1;
			preferredProjectObjectVersion = 77;
			productRefGroup = EA11F9D92EDB7C1600A2FE47 /* Products */;
			projectDirPath = "";
			projectRoot = "";
			targets = (
				EA11F9D72EDB7C1600A2FE47 /* WikiPlaces */,
				EA11F9E42EDB7C1800A2FE47 /* WikiPlacesTests */,
				EA11F9EE2EDB7C1800A2FE47 /* WikiPlacesUITests */,
			);
		};
/* End PBXProject section */

/* Begin PBXResourcesBuildPhase section */
		EA11F9D62EDB7C1600A2FE47 /* Resources */ = {
			isa = PBXResourcesBuildPhase;
			buildActionMask = 2147483647;
			files = (
			);
			runOnlyForDeploymentPostprocessing = 0;
		};
		EA11F9E32EDB7C1800A2FE47 /* Resources */ = {
			isa = PBXResourcesBuildPhase;
			buildActionMask = 2147483647;
			files = (
			);
			runOnlyForDeploymentPostprocessing = 0;
		};
		EA11F9ED2EDB7C1800A2FE47 /* Resources */ = {
			isa = PBXResourcesBuildPhase;
			buildActionMask = 2147483647;
			files = (
			);
			runOnlyForDeploymentPostprocessing = 0;
		};
/* End PBXResourcesBuildPhase section */

/* Begin PBXSourcesBuildPhase section */
		EA11F9D42EDB7C1600A2FE47 /* Sources */ = {
			isa = PBXSourcesBuildPhase;
			buildActionMask = 2147483647;
			files = (
			);
			runOnlyForDeploymentPostprocessing = 0;
		};
		EA11F9E12EDB7C1800A2FE47 /* Sources */ = {
			isa = PBXSourcesBuildPhase;
			buildActionMask = 2147483647;
			files = (
			);
			runOnlyForDeploymentPostprocessing = 0;
		};
		EA11F9EB2EDB7C1800A2FE47 /* Sources */ = {
			isa = PBXSourcesBuildPhase;
			buildActionMask = 2147483647;
			files = (
			);
			runOnlyForDeploymentPostprocessing = 0;
		};
/* End PBXSourcesBuildPhase section */

/* Begin PBXTargetDependency section */
		EA11F9E72EDB7C1800A2FE47 /* PBXTargetDependency */ = {
			isa = PBXTargetDependency;
			target = EA11F9D72EDB7C1600A2FE47 /* WikiPlaces */;
			targetProxy = EA11F9E62EDB7C1800A2FE47 /* PBXContainerItemProxy */;
		};
		EA11F9F12EDB7C1800A2FE47 /* PBXTargetDependency */ = {
			isa = PBXTargetDependency;
			target = EA11F9D72EDB7C1600A2FE47 /* WikiPlaces */;
			targetProxy = EA11F9F02EDB7C1800A2FE47 /* PBXContainerItemProxy */;
		};
/* End PBXTargetDependency section */

/* Begin XCBuildConfiguration section */
		EA11F9F72EDB7C1800A2FE47 /* Debug */ = {
			isa = XCBuildConfiguration;
			buildSettings = {
				ALWAYS_SEARCH_USER_PATHS = NO;
				ASSETCATALOG_COMPILER_GENERATE_SWIFT_ASSET_SYMBOL_EXTENSIONS = YES;
				CLANG_ANALYZER_NONNULL = YES;
				CLANG_ANALYZER_NUMBER_OBJECT_CONVERSION = YES_AGGRESSIVE;
				CLANG_CXX_LANGUAGE_STANDARD = "gnu++20";
				CLANG_ENABLE_MODULES = YES;
				CLANG_ENABLE_OBJC_ARC = YES;
				CLANG_ENABLE_OBJC_WEAK = YES;
				CLANG_WARN_BLOCK_CAPTURE_AUTORELEASING = YES;
				CLANG_WARN_BOOL_CONVERSION = YES;
				CLANG_WARN_COMMA = YES;
				CLANG_WARN_CONSTANT_CONVERSION = YES;
				CLANG_WARN_DEPRECATED_OBJC_IMPLEMENTATIONS = YES;
				CLANG_WARN_DIRECT_OBJC_ISA_USAGE = YES_ERROR;
				CLANG_WARN_DOCUMENTATION_COMMENTS = YES;
				CLANG_WARN_EMPTY_BODY = YES;
				CLANG_WARN_ENUM_CONVERSION = YES;
				CLANG_WARN_INFINITE_RECURSION = YES;
				CLANG_WARN_INT_CONVERSION = YES;
				CLANG_WARN_NON_LITERAL_NULL_CONVERSION = YES;
				CLANG_WARN_OBJC_IMPLICIT_RETAIN_SELF = YES;
				CLANG_WARN_OBJC_LITERAL_CONVERSION = YES;
				CLANG_WARN_OBJC_ROOT_CLASS = YES_ERROR;
				CLANG_WARN_QUOTED_INCLUDE_IN_FRAMEWORK_HEADER = YES;
				CLANG_WARN_RANGE_LOOP_ANALYSIS = YES;
				CLANG_WARN_STRICT_PROTOTYPES = YES;
				CLANG_WARN_SUSPICIOUS_MOVE = YES;
				CLANG_WARN_UNGUARDED_AVAILABILITY = YES_AGGRESSIVE;
				CLANG_WARN_UNREACHABLE_CODE = YES;
				CLANG_WARN__DUPLICATE_METHOD_MATCH = YES;
				COPY_PHASE_STRIP = NO;
				DEBUG_INFORMATION_FORMAT = dwarf;
				DEVELOPMENT_TEAM = 36HPV94EE2;
				ENABLE_STRICT_OBJC_MSGSEND = YES;
				ENABLE_TESTABILITY = YES;
				ENABLE_USER_SCRIPT_SANDBOXING = YES;
				GCC_C_LANGUAGE_STANDARD = gnu17;
				GCC_DYNAMIC_NO_PIC = NO;
				GCC_NO_COMMON_BLOCKS = YES;
				GCC_OPTIMIZATION_LEVEL = 0;
				GCC_PREPROCESSOR_DEFINITIONS = (
					"DEBUG=1",
					"$(inherited)",
				);
				GCC_WARN_64_TO_32_BIT_CONVERSION = YES;
				GCC_WARN_ABOUT_RETURN_TYPE = YES_ERROR;
				GCC_WARN_UNDECLARED_SELECTOR = YES;
				GCC_WARN_UNINITIALIZED_AUTOS = YES_AGGRESSIVE;
				GCC_WARN_UNUSED_FUNCTION = YES;
				GCC_WARN_UNUSED_VARIABLE = YES;
				IPHONEOS_DEPLOYMENT_TARGET = 17.6;
				LOCALIZATION_PREFERS_STRING_CATALOGS = YES;
				MTL_ENABLE_DEBUG_INFO = INCLUDE_SOURCE;
				MTL_FAST_MATH = YES;
				ONLY_ACTIVE_ARCH = YES;
				SDKROOT = iphoneos;
				SWIFT_ACTIVE_COMPILATION_CONDITIONS = "DEBUG $(inherited)";
				SWIFT_OPTIMIZATION_LEVEL = "-Onone";
				SWIFT_VERSION = 6.0;
			};
			name = Debug;
		};
		EA11F9F82EDB7C1800A2FE47 /* Release */ = {
			isa = XCBuildConfiguration;
			buildSettings = {
				ALWAYS_SEARCH_USER_PATHS = NO;
				ASSETCATALOG_COMPILER_GENERATE_SWIFT_ASSET_SYMBOL_EXTENSIONS = YES;
				CLANG_ANALYZER_NONNULL = YES;
				CLANG_ANALYZER_NUMBER_OBJECT_CONVERSION = YES_AGGRESSIVE;
				CLANG_CXX_LANGUAGE_STANDARD = "gnu++20";
				CLANG_ENABLE_MODULES = YES;
				CLANG_ENABLE_OBJC_ARC = YES;
				CLANG_ENABLE_OBJC_WEAK = YES;
				CLANG_WARN_BLOCK_CAPTURE_AUTORELEASING = YES;
				CLANG_WARN_BOOL_CONVERSION = YES;
				CLANG_WARN_COMMA = YES;
				CLANG_WARN_CONSTANT_CONVERSION = YES;
				CLANG_WARN_DEPRECATED_OBJC_IMPLEMENTATIONS = YES;
				CLANG_WARN_DIRECT_OBJC_ISA_USAGE = YES_ERROR;
				CLANG_WARN_DOCUMENTATION_COMMENTS = YES;
				CLANG_WARN_EMPTY_BODY = YES;
				CLANG_WARN_ENUM_CONVERSION = YES;
				CLANG_WARN_INFINITE_RECURSION = YES;
				CLANG_WARN_INT_CONVERSION = YES;
				CLANG_WARN_NON_LITERAL_NULL_CONVERSION = YES;
				CLANG_WARN_OBJC_IMPLICIT_RETAIN_SELF = YES;
				CLANG_WARN_OBJC_LITERAL_CONVERSION = YES;
				CLANG_WARN_OBJC_ROOT_CLASS = YES_ERROR;
				CLANG_WARN_QUOTED_INCLUDE_IN_FRAMEWORK_HEADER = YES;
				CLANG_WARN_RANGE_LOOP_ANALYSIS = YES;
				CLANG_WARN_STRICT_PROTOTYPES = YES;
				CLANG_WARN_SUSPICIOUS_MOVE = YES;
				CLANG_WARN_UNGUARDED_AVAILABILITY = YES_AGGRESSIVE;
				CLANG_WARN_UNREACHABLE_CODE = YES;
				CLANG_WARN__DUPLICATE_METHOD_MATCH = YES;
				COPY_PHASE_STRIP = NO;
				DEBUG_INFORMATION_FORMAT = "dwarf-with-dsym";
				DEVELOPMENT_TEAM = 36HPV94EE2;
				ENABLE_NS_ASSERTIONS = NO;
				ENABLE_STRICT_OBJC_MSGSEND = YES;
				ENABLE_USER_SCRIPT_SANDBOXING = YES;
				GCC_C_LANGUAGE_STANDARD = gnu17;
				GCC_NO_COMMON_BLOCKS = YES;
				GCC_WARN_64_TO_32_BIT_CONVERSION = YES;
				GCC_WARN_ABOUT_RETURN_TYPE = YES_ERROR;
				GCC_WARN_UNDECLARED_SELECTOR = YES;
				GCC_WARN_UNINITIALIZED_AUTOS = YES_AGGRESSIVE;
				GCC_WARN_UNUSED_FUNCTION = YES;
				GCC_WARN_UNUSED_VARIABLE = YES;
				IPHONEOS_DEPLOYMENT_TARGET = 17.6;
				LOCALIZATION_PREFERS_STRING_CATALOGS = YES;
				MTL_ENABLE_DEBUG_INFO = NO;
				MTL_FAST_MATH = YES;
				SDKROOT = iphoneos;
				SWIFT_COMPILATION_MODE = wholemodule;
				SWIFT_VERSION = 6.0;
				VALIDATE_PRODUCT = YES;
			};
			name = Release;
		};
		EA11F9FA2EDB7C1800A2FE47 /* Debug */ = {
			isa = XCBuildConfiguration;
			buildSettings = {
				ASSETCATALOG_COMPILER_APPICON_NAME = AppIcon;
				ASSETCATALOG_COMPILER_GLOBAL_ACCENT_COLOR_NAME = AccentColor;
				CODE_SIGN_STYLE = Automatic;
				CURRENT_PROJECT_VERSION = 1;
				DEVELOPMENT_TEAM = 36HPV94EE2;
				ENABLE_PREVIEWS = YES;
				GENERATE_INFOPLIST_FILE = YES;
				INFOPLIST_FILE = WikiPlaces/Info.plist;
				INFOPLIST_KEY_UIApplicationSceneManifest_Generation = YES;
				INFOPLIST_KEY_UIApplicationSupportsIndirectInputEvents = YES;
				INFOPLIST_KEY_UILaunchScreen_Generation = YES;
				INFOPLIST_KEY_UISupportedInterfaceOrientations_iPad = "UIInterfaceOrientationPortrait UIInterfaceOrientationPortraitUpsideDown UIInterfaceOrientationLandscapeLeft UIInterfaceOrientationLandscapeRight";
				INFOPLIST_KEY_UISupportedInterfaceOrientations_iPhone = "UIInterfaceOrientationPortrait UIInterfaceOrientationLandscapeLeft UIInterfaceOrientationLandscapeRight";
				LD_RUNPATH_SEARCH_PATHS = (
					"$(inherited)",
					"@executable_path/Frameworks",
				);
				MARKETING_VERSION = 1.0;
				PRODUCT_BUNDLE_IDENTIFIER = com.steveovermars.WikiPlaces;
				PRODUCT_NAME = "$(TARGET_NAME)";
				STRING_CATALOG_GENERATE_SYMBOLS = YES;
				SWIFT_APPROACHABLE_CONCURRENCY = YES;
				SWIFT_DEFAULT_ACTOR_ISOLATION = MainActor;
				SWIFT_EMIT_LOC_STRINGS = YES;
				SWIFT_STRICT_CONCURRENCY = complete;
				SWIFT_UPCOMING_FEATURE_MEMBER_IMPORT_VISIBILITY = YES;
				SWIFT_VERSION = 6.0;
				TARGETED_DEVICE_FAMILY = "1,2";
			};
			name = Debug;
		};
		EA11F9FB2EDB7C1800A2FE47 /* Release */ = {
			isa = XCBuildConfiguration;
			buildSettings = {
				ASSETCATALOG_COMPILER_APPICON_NAME = AppIcon;
				ASSETCATALOG_COMPILER_GLOBAL_ACCENT_COLOR_NAME = AccentColor;
				CODE_SIGN_STYLE = Automatic;
				CURRENT_PROJECT_VERSION = 1;
				DEVELOPMENT_TEAM = 36HPV94EE2;
				ENABLE_PREVIEWS = YES;
				GENERATE_INFOPLIST_FILE = YES;
				INFOPLIST_FILE = WikiPlaces/Info.plist;
				INFOPLIST_KEY_UIApplicationSceneManifest_Generation = YES;
				INFOPLIST_KEY_UIApplicationSupportsIndirectInputEvents = YES;
				INFOPLIST_KEY_UILaunchScreen_Generation = YES;
				INFOPLIST_KEY_UISupportedInterfaceOrientations_iPad = "UIInterfaceOrientationPortrait UIInterfaceOrientationPortraitUpsideDown UIInterfaceOrientationLandscapeLeft UIInterfaceOrientationLandscapeRight";
				INFOPLIST_KEY_UISupportedInterfaceOrientations_iPhone = "UIInterfaceOrientationPortrait UIInterfaceOrientationLandscapeLeft UIInterfaceOrientationLandscapeRight";
				LD_RUNPATH_SEARCH_PATHS = (
					"$(inherited)",
					"@executable_path/Frameworks",
				);
				MARKETING_VERSION = 1.0;
				PRODUCT_BUNDLE_IDENTIFIER = com.steveovermars.WikiPlaces;
				PRODUCT_NAME = "$(TARGET_NAME)";
				STRING_CATALOG_GENERATE_SYMBOLS = YES;
				SWIFT_APPROACHABLE_CONCURRENCY = YES;
				SWIFT_DEFAULT_ACTOR_ISOLATION = MainActor;
				SWIFT_EMIT_LOC_STRINGS = YES;
				SWIFT_STRICT_CONCURRENCY = complete;
				SWIFT_UPCOMING_FEATURE_MEMBER_IMPORT_VISIBILITY = YES;
				SWIFT_VERSION = 6.0;
				TARGETED_DEVICE_FAMILY = "1,2";
			};
			name = Release;
		};
		EA11F9FD2EDB7C1800A2FE47 /* Debug */ = {
			isa = XCBuildConfiguration;
			buildSettings = {
				BUNDLE_LOADER = "$(TEST_HOST)";
				CODE_SIGN_STYLE = Automatic;
				CURRENT_PROJECT_VERSION = 1;
				DEVELOPMENT_TEAM = 36HPV94EE2;
				GENERATE_INFOPLIST_FILE = YES;
				IPHONEOS_DEPLOYMENT_TARGET = 26.1;
				MARKETING_VERSION = 1.0;
				PRODUCT_BUNDLE_IDENTIFIER = com.steveovermars.WikiPlacesTests;
				PRODUCT_NAME = "$(TARGET_NAME)";
				STRING_CATALOG_GENERATE_SYMBOLS = NO;
				SWIFT_APPROACHABLE_CONCURRENCY = YES;
				SWIFT_EMIT_LOC_STRINGS = NO;
				SWIFT_UPCOMING_FEATURE_MEMBER_IMPORT_VISIBILITY = YES;
				SWIFT_VERSION = 6.0;
				TARGETED_DEVICE_FAMILY = "1,2";
				TEST_HOST = "$(BUILT_PRODUCTS_DIR)/WikiPlaces.app/$(BUNDLE_EXECUTABLE_FOLDER_PATH)/WikiPlaces";
			};
			name = Debug;
		};
		EA11F9FE2EDB7C1800A2FE47 /* Release */ = {
			isa = XCBuildConfiguration;
			buildSettings = {
				BUNDLE_LOADER = "$(TEST_HOST)";
				CODE_SIGN_STYLE = Automatic;
				CURRENT_PROJECT_VERSION = 1;
				DEVELOPMENT_TEAM = 36HPV94EE2;
				GENERATE_INFOPLIST_FILE = YES;
				IPHONEOS_DEPLOYMENT_TARGET = 26.1;
				MARKETING_VERSION = 1.0;
				PRODUCT_BUNDLE_IDENTIFIER = com.steveovermars.WikiPlacesTests;
				PRODUCT_NAME = "$(TARGET_NAME)";
				STRING_CATALOG_GENERATE_SYMBOLS = NO;
				SWIFT_APPROACHABLE_CONCURRENCY = YES;
				SWIFT_EMIT_LOC_STRINGS = NO;
				SWIFT_UPCOMING_FEATURE_MEMBER_IMPORT_VISIBILITY = YES;
				SWIFT_VERSION = 6.0;
				TARGETED_DEVICE_FAMILY = "1,2";
				TEST_HOST = "$(BUILT_PRODUCTS_DIR)/WikiPlaces.app/$(BUNDLE_EXECUTABLE_FOLDER_PATH)/WikiPlaces";
			};
			name = Release;
		};
		EA11FA002EDB7C1800A2FE47 /* Debug */ = {
			isa = XCBuildConfiguration;
			buildSettings = {
				CODE_SIGN_STYLE = Automatic;
				CURRENT_PROJECT_VERSION = 1;
				DEVELOPMENT_TEAM = 36HPV94EE2;
				GENERATE_INFOPLIST_FILE = YES;
				MARKETING_VERSION = 1.0;
				PRODUCT_BUNDLE_IDENTIFIER = com.steveovermars.WikiPlacesUITests;
				PRODUCT_NAME = "$(TARGET_NAME)";
				STRING_CATALOG_GENERATE_SYMBOLS = NO;
				SWIFT_APPROACHABLE_CONCURRENCY = YES;
				SWIFT_EMIT_LOC_STRINGS = NO;
				SWIFT_UPCOMING_FEATURE_MEMBER_IMPORT_VISIBILITY = YES;
				SWIFT_VERSION = 5.0;
				TARGETED_DEVICE_FAMILY = "1,2";
				TEST_TARGET_NAME = WikiPlaces;
			};
			name = Debug;
		};
		EA11FA012EDB7C1800A2FE47 /* Release */ = {
			isa = XCBuildConfiguration;
			buildSettings = {
				CODE_SIGN_STYLE = Automatic;
				CURRENT_PROJECT_VERSION = 1;
				DEVELOPMENT_TEAM = 36HPV94EE2;
				GENERATE_INFOPLIST_FILE = YES;
				MARKETING_VERSION = 1.0;
				PRODUCT_BUNDLE_IDENTIFIER = com.steveovermars.WikiPlacesUITests;
				PRODUCT_NAME = "$(TARGET_NAME)";
				STRING_CATALOG_GENERATE_SYMBOLS = NO;
				SWIFT_APPROACHABLE_CONCURRENCY = YES;
				SWIFT_EMIT_LOC_STRINGS = NO;
				SWIFT_UPCOMING_FEATURE_MEMBER_IMPORT_VISIBILITY = YES;
				SWIFT_VERSION = 5.0;
				TARGETED_DEVICE_FAMILY = "1,2";
				TEST_TARGET_NAME = WikiPlaces;
			};
			name = Release;
		};
/* End XCBuildConfiguration section */

/* Begin XCConfigurationList section */
		EA11F9D32EDB7C1600A2FE47 /* Build configuration list for PBXProject "WikiPlaces" */ = {
			isa = XCConfigurationList;
			buildConfigurations = (
				EA11F9F72EDB7C1800A2FE47 /* Debug */,
				EA11F9F82EDB7C1800A2FE47 /* Release */,
			);
			defaultConfigurationIsVisible = 0;
			defaultConfigurationName = Release;
		};
		EA11F9F92EDB7C1800A2FE47 /* Build configuration list for PBXNativeTarget "WikiPlaces" */ = {
			isa = XCConfigurationList;
			buildConfigurations = (
				EA11F9FA2EDB7C1800A2FE47 /* Debug */,
				EA11F9FB2EDB7C1800A2FE47 /* Release */,
			);
			defaultConfigurationIsVisible = 0;
			defaultConfigurationName = Release;
		};
		EA11F9FC2EDB7C1800A2FE47 /* Build configuration list for PBXNativeTarget "WikiPlacesTests" */ = {
			isa = XCConfigurationList;
			buildConfigurations = (
				EA11F9FD2EDB7C1800A2FE47 /* Debug */,
				EA11F9FE2EDB7C1800A2FE47 /* Release */,
			);
			defaultConfigurationIsVisible = 0;
			defaultConfigurationName = Release;
		};
		EA11F9FF2EDB7C1800A2FE47 /* Build configuration list for PBXNativeTarget "WikiPlacesUITests" */ = {
			isa = XCConfigurationList;
			buildConfigurations = (
				EA11FA002EDB7C1800A2FE47 /* Debug */,
				EA11FA012EDB7C1800A2FE47 /* Release */,
			);
			defaultConfigurationIsVisible = 0;
			defaultConfigurationName = Release;
		};
/* End XCConfigurationList section */
	};
	rootObject = EA11F9D02EDB7C1600A2FE47 /* Project object */;
}
